
Microsoft Visual Studio Solution File, Format Version 12.00
# Visual Studio Version 17
VisualStudioVersion = 17.14.36109.1
MinimumVisualStudioVersion = 10.0.40219.1
Project("{FAE04EC0-301F-11D3-BF4B-00C04F79EFBC}") = "Lection1003", "Lection0310\Lection1003.csproj", "{185F7030-FFEB-46FC-B39D-15BAD33B2DC9}"
EndProject
Project("{FAE04EC0-301F-11D3-BF4B-00C04F79EFBC}") = "lection1007", "lection1007\lection1007.csproj", "{3B15B388-71A9-4750-9C7D-8CFBD99B92C1}"
EndProject
Project("{FAE04EC0-301F-11D3-BF4B-00C04F79EFBC}") = "Lection1012", "Lection1012\Lection1012.csproj", "{305C3E89-B8D1-403F-9912-6B4A422D7767}"
EndProject
Project("{FAE04EC0-301F-11D3-BF4B-00C04F79EFBC}") = "Lection1017", "Lection1017\Lection1017.csproj", "{97196663-48C6-4B4E-973A-6A9C4E5F49D2}"
EndProject
Project("{FAE04EC0-301F-11D3-BF4B-00C04F79EFBC}") = "Lection1020", "Lection1020\Lection1020.csproj", "{A7321D29-C0B1-49AE-9CCC-1B2560436810}"
EndProject
Global
	GlobalSection(SolutionConfigurationPlatforms) = preSolution
		Debug|Any CPU = Debug|Any CPU
		Release|Any CPU = Release|Any CPU
	EndGlobalSection
	GlobalSection(ProjectConfigurationPlatforms) = postSolution
		{185F7030-FFEB-46FC-B39D-15BAD33B2DC9}.Debug|Any CPU.ActiveCfg = Debug|Any CPU
		{185F7030-FFEB-46FC-B39D-15BAD33B2DC9}.Debug|Any CPU.Build.0 = Debug|Any CPU
		{185F7030-FFEB-46FC-B39D-15BAD33B2DC9}.Release|Any CPU.ActiveCfg = Release|Any CPU
		{185F7030-FFEB-46FC-B39D-15BAD33B2DC9}.Release|Any CPU.Build.0 = Release|Any CPU
		{3B15B388-71A9-4750-9C7D-8CFBD99B92C1}.Debug|Any CPU.ActiveCfg = Debug|Any CPU
		{3B15B388-71A9-4750-9C7D-8CFBD99B92C1}.Debug|Any CPU.Build.0 = Debug|Any CPU
		{3B15B388-71A9-4750-9C7D-8CFBD99B92C1}.Release|Any CPU.ActiveCfg = Release|Any CPU
		{3B15B388-71A9-4750-9C7D-8CFBD99B92C1}.Release|Any CPU.Build.0 = Release|Any CPU
		{305C3E89-B8D1-403F-9912-6B4A422D7767}.Debug|Any CPU.ActiveCfg = Debug|Any CPU
		{305C3E89-B8D1-403F-9912-6B4A422D7767}.Debug|Any CPU.Build.0 = Debug|Any CPU
		{305C3E89-B8D1-403F-9912-6B4A422D7767}.Release|Any CPU.ActiveCfg = Release|Any CPU
		{305C3E89-B8D1-403F-9912-6B4A422D7767}.Release|Any CPU.Build.0 = Release|Any CPU
		{97196663-48C6-4B4E-973A-6A9C4E5F49D2}.Debug|Any CPU.ActiveCfg = Debug|Any CPU
		{97196663-48C6-4B4E-973A-6A9C4E5F49D2}.Debug|Any CPU.Build.0 = Debug|Any CPU
		{97196663-48C6-4B4E-973A-6A9C4E5F49D2}.Release|Any CPU.ActiveCfg = Release|Any CPU
		{97196663-48C6-4B4E-973A-6A9C4E5F49D2}.Release|Any CPU.Build.0 = Release|Any CPU
		{A7321D29-C0B1-49AE-9CCC-1B2560436810}.Debug|Any CPU.ActiveCfg = Debug|Any CPU
		{A7321D29-C0B1-49AE-9CCC-1B2560436810}.Debug|Any CPU.Build.0 = Debug|Any CPU
		{A7321D29-C0B1-49AE-9CCC-1B2560436810}.Release|Any CPU.ActiveCfg = Release|Any CPU
		{A7321D29-C0B1-49AE-9CCC-1B2560436810}.Release|Any CPU.Build.0 = Release|Any CPU
	EndGlobalSection
	GlobalSection(SolutionProperties) = preSolution
		HideSolutionNode = FALSE
	EndGlobalSection
	GlobalSection(ExtensibilityGlobals) = postSolution
		SolutionGuid = {913029CE-646F-43AC-9102-7F2BDF4A10ED}
	EndGlobalSection
EndGlobal
