
Microsoft Visual Studio Solution File, Format Version 12.00
# Visual Studio Version 17
VisualStudioVersion = 17.14.36109.1
MinimumVisualStudioVersion = 10.0.40219.1
Project("{FAE04EC0-301F-11D3-BF4B-00C04F79EFBC}") = "Lection1003", "Lection0310\Lection1003.csproj", "{185F7030-FFEB-46FC-B39D-15BAD33B2DC9}"
EndProject
Project("{FAE04EC0-301F-11D3-BF4B-00C04F79EFBC}") = "lection1007", "lection1007\lection1007.csproj", "{3B15B388-71A9-4750-9C7D-8CFBD99B92C1}"
EndProject
Project("{FAE04EC0-301F-11D3-BF4B-00C04F79EFBC}") = "Lection1012", "Lection1012\Lection1012.csproj", "{305C3E89-B8D1-403F-9912-6B4A422D7767}"
EndProject
Project("{FAE04EC0-301F-11D3-BF4B-00C04F79EFBC}") = "Lection1017", "Lection1017\Lection1017.csproj", "{97196663-48C6-4B4E-973A-6A9C4E5F49D2}"
EndProject
Project("{FAE04EC0-301F-11D3-BF4B-00C04F79EFBC}") = "Lection1020", "Lection1020\Lection1020.csproj", "{A7321D29-C0B1-49AE-9CCC-1B2560436810}"
EndProject
Project("{FAE04EC0-301F-11D3-BF4B-00C04F79EFBC}") = "Lection1024", "Lection1024\Lection1024.csproj", "{CF84B5B8-8645-458A-94D3-5AE49097D350}"
EndProject
Project("{FAE04EC0-301F-11D3-BF4B-00C04F79EFBC}") = "Lection1101", "Lection0111\Lection1101.csproj", "{E21D8E01-F9CD-489A-9031-6E518D903F6E}"
EndProject
Project("{FAE04EC0-301F-11D3-BF4B-00C04F79EFBC}") = "Lection1113", "Lection1113\Lection1113.csproj", "{2DD40C23-7FF0-42B4-AB32-C903E6E117EE}"
EndProject
Project("{FAE04EC0-301F-11D3-BF4B-00C04F79EFBC}") = "Lection1114", "Lection1114\Lection1114.csproj", "{45A794F1-C05B-4E28-A39D-0702CA2E2A54}"
EndProject
Project("{FAE04EC0-301F-11D3-BF4B-00C04F79EFBC}") = "Lection1202", "Lection1202\Lection1202.csproj", "{98DEDF1B-5C96-445D-8AF3-6749D40A3105}"
EndProject
Global
	GlobalSection(SolutionConfigurationPlatforms) = preSolution
		Debug|Any CPU = Debug|Any CPU
		Release|Any CPU = Release|Any CPU
	EndGlobalSection
	GlobalSection(ProjectConfigurationPlatforms) = postSolution
		{185F7030-FFEB-46FC-B39D-15BAD33B2DC9}.Debug|Any CPU.ActiveCfg = Debug|Any CPU
		{185F7030-FFEB-46FC-B39D-15BAD33B2DC9}.Debug|Any CPU.Build.0 = Debug|Any CPU
		{185F7030-FFEB-46FC-B39D-15BAD33B2DC9}.Release|Any CPU.ActiveCfg = Release|Any CPU
		{185F7030-FFEB-46FC-B39D-15BAD33B2DC9}.Release|Any CPU.Build.0 = Release|Any CPU
		{3B15B388-71A9-4750-9C7D-8CFBD99B92C1}.Debug|Any CPU.ActiveCfg = Debug|Any CPU
		{3B15B388-71A9-4750-9C7D-8CFBD99B92C1}.Debug|Any CPU.Build.0 = Debug|Any CPU
		{3B15B388-71A9-4750-9C7D-8CFBD99B92C1}.Release|Any CPU.ActiveCfg = Release|Any CPU
		{3B15B388-71A9-4750-9C7D-8CFBD99B92C1}.Release|Any CPU.Build.0 = Release|Any CPU
		{305C3E89-B8D1-403F-9912-6B4A422D7767}.Debug|Any CPU.ActiveCfg = Debug|Any CPU
		{305C3E89-B8D1-403F-9912-6B4A422D7767}.Debug|Any CPU.Build.0 = Debug|Any CPU
		{305C3E89-B8D1-403F-9912-6B4A422D7767}.Release|Any CPU.ActiveCfg = Release|Any CPU
		{305C3E89-B8D1-403F-9912-6B4A422D7767}.Release|Any CPU.Build.0 = Release|Any CPU
		{97196663-48C6-4B4E-973A-6A9C4E5F49D2}.Debug|Any CPU.ActiveCfg = Debug|Any CPU
		{97196663-48C6-4B4E-973A-6A9C4E5F49D2}.Debug|Any CPU.Build.0 = Debug|Any CPU
		{97196663-48C6-4B4E-973A-6A9C4E5F49D2}.Release|Any CPU.ActiveCfg = Release|Any CPU
		{97196663-48C6-4B4E-973A-6A9C4E5F49D2}.Release|Any CPU.Build.0 = Release|Any CPU
		{A7321D29-C0B1-49AE-9CCC-1B2560436810}.Debug|Any CPU.ActiveCfg = Debug|Any CPU
		{A7321D29-C0B1-49AE-9CCC-1B2560436810}.Debug|Any CPU.Build.0 = Debug|Any CPU
		{A7321D29-C0B1-49AE-9CCC-1B2560436810}.Release|Any CPU.ActiveCfg = Release|Any CPU
		{A7321D29-C0B1-49AE-9CCC-1B2560436810}.Release|Any CPU.Build.0 = Release|Any CPU
		{CF84B5B8-8645-458A-94D3-5AE49097D350}.Debug|Any CPU.ActiveCfg = Debug|Any CPU
		{CF84B5B8-8645-458A-94D3-5AE49097D350}.Debug|Any CPU.Build.0 = Debug|Any CPU
		{CF84B5B8-8645-458A-94D3-5AE49097D350}.Release|Any CPU.ActiveCfg = Release|Any CPU
		{CF84B5B8-8645-458A-94D3-5AE49097D350}.Release|Any CPU.Build.0 = Release|Any CPU
		{E21D8E01-F9CD-489A-9031-6E518D903F6E}.Debug|Any CPU.ActiveCfg = Debug|Any CPU
		{E21D8E01-F9CD-489A-9031-6E518D903F6E}.Debug|Any CPU.Build.0 = Debug|Any CPU
		{E21D8E01-F9CD-489A-9031-6E518D903F6E}.Release|Any CPU.ActiveCfg = Release|Any CPU
		{E21D8E01-F9CD-489A-9031-6E518D903F6E}.Release|Any CPU.Build.0 = Release|Any CPU
		{2DD40C23-7FF0-42B4-AB32-C903E6E117EE}.Debug|Any CPU.ActiveCfg = Debug|Any CPU
		{2DD40C23-7FF0-42B4-AB32-C903E6E117EE}.Debug|Any CPU.Build.0 = Debug|Any CPU
		{2DD40C23-7FF0-42B4-AB32-C903E6E117EE}.Release|Any CPU.ActiveCfg = Release|Any CPU
		{2DD40C23-7FF0-42B4-AB32-C903E6E117EE}.Release|Any CPU.Build.0 = Release|Any CPU
		{45A794F1-C05B-4E28-A39D-0702CA2E2A54}.Debug|Any CPU.ActiveCfg = Debug|Any CPU
		{45A794F1-C05B-4E28-A39D-0702CA2E2A54}.Debug|Any CPU.Build.0 = Debug|Any CPU
		{45A794F1-C05B-4E28-A39D-0702CA2E2A54}.Release|Any CPU.ActiveCfg = Release|Any CPU
		{45A794F1-C05B-4E28-A39D-0702CA2E2A54}.Release|Any CPU.Build.0 = Release|Any CPU
		{98DEDF1B-5C96-445D-8AF3-6749D40A3105}.Debug|Any CPU.ActiveCfg = Debug|Any CPU
		{98DEDF1B-5C96-445D-8AF3-6749D40A3105}.Debug|Any CPU.Build.0 = Debug|Any CPU
		{98DEDF1B-5C96-445D-8AF3-6749D40A3105}.Release|Any CPU.ActiveCfg = Release|Any CPU
		{98DEDF1B-5C96-445D-8AF3-6749D40A3105}.Release|Any CPU.Build.0 = Release|Any CPU
	EndGlobalSection
	GlobalSection(SolutionProperties) = preSolution
		HideSolutionNode = FALSE
	EndGlobalSection
	GlobalSection(ExtensibilityGlobals) = postSolution
		SolutionGuid = {913029CE-646F-43AC-9102-7F2BDF4A10ED}
	EndGlobalSection
EndGlobal
