
Microsoft Visual Studio Solution File, Format Version 12.00
# Visual Studio Version 17
VisualStudioVersion = 17.14.36109.1 d17.14
MinimumVisualStudioVersion = 10.0.40219.1
Project("{FAE04EC0-301F-11D3-BF4B-00C04F79EFBC}") = "LabWork11", "LabWork11\LabWork11.csproj", "{0197CB4D-0918-46EC-A487-E91E45D1057F}"
EndProject
Global
	GlobalSection(SolutionConfigurationPlatforms) = preSolution
		Debug|Any CPU = Debug|Any CPU
		Release|Any CPU = Release|Any CPU
	EndGlobalSection
	GlobalSection(ProjectConfigurationPlatforms) = postSolution
		{0197CB4D-0918-46EC-A487-E91E45D1057F}.Debug|Any CPU.ActiveCfg = Debug|Any CPU
		{0197CB4D-0918-46EC-A487-E91E45D1057F}.Debug|Any CPU.Build.0 = Debug|Any CPU
		{0197CB4D-0918-46EC-A487-E91E45D1057F}.Release|Any CPU.ActiveCfg = Release|Any CPU
		{0197CB4D-0918-46EC-A487-E91E45D1057F}.Release|Any CPU.Build.0 = Release|Any CPU
	EndGlobalSection
	GlobalSection(SolutionProperties) = preSolution
		HideSolutionNode = FALSE
	EndGlobalSection
	GlobalSection(ExtensibilityGlobals) = postSolution
		SolutionGuid = {0A1C603E-CD3A-48A6-B9CA-A6D65AC7E02E}
	EndGlobalSection
EndGlobal
