
Microsoft Visual Studio Solution File, Format Version 12.00
# Visual Studio Version 17
VisualStudioVersion = 17.14.36109.1 d17.14
MinimumVisualStudioVersion = 10.0.40219.1
Project("{FAE04EC0-301F-11D3-BF4B-00C04F79EFBC}") = "LabWork25", "LabWork25\LabWork25.csproj", "{361BA239-BE2E-48F9-9BF9-77468F3A5A01}"
EndProject
Global
	GlobalSection(SolutionConfigurationPlatforms) = preSolution
		Debug|Any CPU = Debug|Any CPU
		Release|Any CPU = Release|Any CPU
	EndGlobalSection
	GlobalSection(ProjectConfigurationPlatforms) = postSolution
		{361BA239-BE2E-48F9-9BF9-77468F3A5A01}.Debug|Any CPU.ActiveCfg = Debug|Any CPU
		{361BA239-BE2E-48F9-9BF9-77468F3A5A01}.Debug|Any CPU.Build.0 = Debug|Any CPU
		{361BA239-BE2E-48F9-9BF9-77468F3A5A01}.Release|Any CPU.ActiveCfg = Release|Any CPU
		{361BA239-BE2E-48F9-9BF9-77468F3A5A01}.Release|Any CPU.Build.0 = Release|Any CPU
	EndGlobalSection
	GlobalSection(SolutionProperties) = preSolution
		HideSolutionNode = FALSE
	EndGlobalSection
	GlobalSection(ExtensibilityGlobals) = postSolution
		SolutionGuid = {E5F564C0-B1B6-46A7-92BC-FD66FB34332C}
	EndGlobalSection
EndGlobal
